
Microsoft Visual Studio Solution File, Format Version 12.00
# Visual Studio Version 17
VisualStudioVersion = 17.4.33110.190
MinimumVisualStudioVersion = 10.0.40219.1
Project("{9A19103F-16F7-4668-BE54-9A1E7A4F7556}") = "ReverseEngineeringNET6", "ReverseEngineeringNET6\ReverseEngineeringNET6.csproj", "{5749C655-904E-41A5-BDAA-1E860954AEA8}"
EndProject
Global
	GlobalSection(SolutionConfigurationPlatforms) = preSolution
		Debug|Any CPU = Debug|Any CPU
		Release|Any CPU = Release|Any CPU
	EndGlobalSection
	GlobalSection(ProjectConfigurationPlatforms) = postSolution
		{5749C655-904E-41A5-BDAA-1E860954AEA8}.Debug|Any CPU.ActiveCfg = Debug|Any CPU
		{5749C655-904E-41A5-BDAA-1E860954AEA8}.Debug|Any CPU.Build.0 = Debug|Any CPU
		{5749C655-904E-41A5-BDAA-1E860954AEA8}.Release|Any CPU.ActiveCfg = Release|Any CPU
		{5749C655-904E-41A5-BDAA-1E860954AEA8}.Release|Any CPU.Build.0 = Release|Any CPU
	EndGlobalSection
	GlobalSection(SolutionProperties) = preSolution
		HideSolutionNode = FALSE
	EndGlobalSection
	GlobalSection(ExtensibilityGlobals) = postSolution
		SolutionGuid = {5495B02F-AAEB-4C86-BB29-C8BC327BA8B5}
	EndGlobalSection
EndGlobal
